
Microsoft Visual Studio Solution File, Format Version 12.00
Project("{FAE04EC0-301F-11D3-BF4B-00C04F79EFBC}") = "Consensys.BlockchainBootcamp2021.Exercises.Common", "Consensys.BlockchainBootcamp2021.Exercises.Common\Consensys.BlockchainBootcamp2021.Exercises.Common.csproj", "{55F21894-A0BE-46E3-88B5-7E470BFCABCD}"
EndProject
Project("{FAE04EC0-301F-11D3-BF4B-00C04F79EFBC}") = "Consensys.BlockchainBootcamp2021.Exercises.Common.Tests", "Consensys.BlockchainBootcamp2021.Exercises.Common.Tests\Consensys.BlockchainBootcamp2021.Exercises.Common.Tests.csproj", "{DABCB101-52C0-4C07-838E-645602E16D54}"
EndProject
Global
	GlobalSection(SolutionConfigurationPlatforms) = preSolution
		Debug|Any CPU = Debug|Any CPU
		Release|Any CPU = Release|Any CPU
	EndGlobalSection
	GlobalSection(ProjectConfigurationPlatforms) = postSolution
		{55F21894-A0BE-46E3-88B5-7E470BFCABCD}.Debug|Any CPU.ActiveCfg = Debug|Any CPU
		{55F21894-A0BE-46E3-88B5-7E470BFCABCD}.Debug|Any CPU.Build.0 = Debug|Any CPU
		{55F21894-A0BE-46E3-88B5-7E470BFCABCD}.Release|Any CPU.ActiveCfg = Release|Any CPU
		{55F21894-A0BE-46E3-88B5-7E470BFCABCD}.Release|Any CPU.Build.0 = Release|Any CPU
		{DABCB101-52C0-4C07-838E-645602E16D54}.Debug|Any CPU.ActiveCfg = Debug|Any CPU
		{DABCB101-52C0-4C07-838E-645602E16D54}.Debug|Any CPU.Build.0 = Debug|Any CPU
		{DABCB101-52C0-4C07-838E-645602E16D54}.Release|Any CPU.ActiveCfg = Release|Any CPU
		{DABCB101-52C0-4C07-838E-645602E16D54}.Release|Any CPU.Build.0 = Release|Any CPU
	EndGlobalSection
EndGlobal
